
Microsoft Visual Studio Solution File, Format Version 12.00
# Visual Studio Version 16
VisualStudioVersion = 16.0.29806.167
MinimumVisualStudioVersion = 10.0.40219.1
Project("{9A19103F-16F7-4668-BE54-9A1E7A4F7556}") = "POSTSLibrary", "POSTSLibrary\POSTSLibrary.csproj", "{C079E2DC-A0F0-43DD-9858-EA5C4856E3F8}"
EndProject
Project("{9A19103F-16F7-4668-BE54-9A1E7A4F7556}") = "POSTSLibrary.Tests", "POSTSLibraryTest\POSTSLibrary.Tests.csproj", "{BDB9B181-47C0-4B34-8CF7-DDDBF143C3A4}"
EndProject
Project("{9A19103F-16F7-4668-BE54-9A1E7A4F7556}") = "POSConsole", "POSConsole\POSConsole.csproj", "{2ACF030F-8B47-4FC1-9E6D-C7A3624BFE00}"
EndProject
Global
	GlobalSection(SolutionConfigurationPlatforms) = preSolution
		Debug|Any CPU = Debug|Any CPU
		Release|Any CPU = Release|Any CPU
	EndGlobalSection
	GlobalSection(ProjectConfigurationPlatforms) = postSolution
		{C079E2DC-A0F0-43DD-9858-EA5C4856E3F8}.Debug|Any CPU.ActiveCfg = Debug|Any CPU
		{C079E2DC-A0F0-43DD-9858-EA5C4856E3F8}.Debug|Any CPU.Build.0 = Debug|Any CPU
		{C079E2DC-A0F0-43DD-9858-EA5C4856E3F8}.Release|Any CPU.ActiveCfg = Release|Any CPU
		{C079E2DC-A0F0-43DD-9858-EA5C4856E3F8}.Release|Any CPU.Build.0 = Release|Any CPU
		{BDB9B181-47C0-4B34-8CF7-DDDBF143C3A4}.Debug|Any CPU.ActiveCfg = Debug|Any CPU
		{BDB9B181-47C0-4B34-8CF7-DDDBF143C3A4}.Debug|Any CPU.Build.0 = Debug|Any CPU
		{BDB9B181-47C0-4B34-8CF7-DDDBF143C3A4}.Release|Any CPU.ActiveCfg = Release|Any CPU
		{BDB9B181-47C0-4B34-8CF7-DDDBF143C3A4}.Release|Any CPU.Build.0 = Release|Any CPU
		{2ACF030F-8B47-4FC1-9E6D-C7A3624BFE00}.Debug|Any CPU.ActiveCfg = Debug|Any CPU
		{2ACF030F-8B47-4FC1-9E6D-C7A3624BFE00}.Debug|Any CPU.Build.0 = Debug|Any CPU
		{2ACF030F-8B47-4FC1-9E6D-C7A3624BFE00}.Release|Any CPU.ActiveCfg = Release|Any CPU
		{2ACF030F-8B47-4FC1-9E6D-C7A3624BFE00}.Release|Any CPU.Build.0 = Release|Any CPU
	EndGlobalSection
	GlobalSection(SolutionProperties) = preSolution
		HideSolutionNode = FALSE
	EndGlobalSection
	GlobalSection(ExtensibilityGlobals) = postSolution
		SolutionGuid = {1D31AC54-61DB-436C-B569-EB72B11E138B}
	EndGlobalSection
EndGlobal
